lockfileVersion: '9.0'

settings:
  autoInstallPeers: true
  excludeLinksFromLockfile: false

importers:

  .:
    devDependencies:
      '@types/node':
        specifier: ^22.0.0
        version: 22.20.1
      typescript:
        specifier: ^5.6.3
        version: 5.9.3

  packages/cli:
    dependencies:
      '@voce-engine/contracts':
        specifier: 0.1.0-rc.5
        version: link:../contracts
      '@voce-engine/core':
        specifier: 0.1.0-rc.5
        version: link:../core
      '@voce-engine/testkit':
        specifier: 0.1.0-rc.5
        version: link:../testkit

  packages/contracts: {}

  packages/core:
    dependencies:
      '@voce-engine/contracts':
        specifier: 0.1.0-rc.5
        version: link:../contracts
      semver:
        specifier: 7.7.2
        version: 7.7.2
    devDependencies:
      '@types/semver':
        specifier: 7.7.0
        version: 7.7.0

  packages/testkit:
    dependencies:
      '@voce-engine/contracts':
        specifier: 0.1.0-rc.5
        version: link:../contracts
      '@voce-engine/core':
        specifier: 0.1.0-rc.5
        version: link:../core

  playground:
    dependencies:
      '@voce-engine/contracts':
        specifier: 0.1.0-rc.5
        version: link:../packages/contracts
      '@voce-engine/core':
        specifier: 0.1.0-rc.5
        version: link:../packages/core

packages:

  '@types/node@22.20.1':
    resolution: {integrity: sha512-EANqOCF9QFyra+4pfxUcX9STKJpCLjMbObVzljIJomAWSnuSIEAvyzEU53GaajbXJEgdh0iEcPL+DGvpUd4k1Q==}

  '@types/semver@7.7.0':
    resolution: {integrity: sha512-k107IF4+Xr7UHjwDc7Cfd6PRQfbdkiRabXGRjo07b4WyPahFBZCZ1sE+BNxYIJPPg73UkfOsVOLwqVc/6ETrIA==}

  semver@7.7.2:
    resolution: {integrity: sha512-RF0Fw+rO5AMf9MAyaRXI4AV0Ulj5lMHqVxxdSgiVbixSCXoEmmX/jk0CuJw4+3SqroYO9VoUh+HcuJivvtJemA==}
    engines: {node: '>=10'}
    hasBin: true

  typescript@5.9.3:
    resolution: {integrity: sha512-jl1vZzPDinLr9eUt3J/t7V6FgNEw9QjvBPdysz9KfQDD41fQrC2Y4vKQdiaUpFT4bXlb1RHhLpp8wtm6M5TgSw==}
    engines: {node: '>=14.17'}
    hasBin: true

  undici-types@6.21.0:
    resolution: {integrity: sha512-iwDZqg0QAGrg9Rav5H4n0M64c3mkR59cJ6wQp+7C4nI0gsmExaedaYLNO44eT4AtBBwjbTiGPMlt2Md0T9H9JQ==}

snapshots:

  '@types/node@22.20.1':
    dependencies:
      undici-types: 6.21.0

  '@types/semver@7.7.0': {}

  semver@7.7.2: {}

  typescript@5.9.3: {}

  undici-types@6.21.0: {}
